
Microsoft Visual Studio Solution File, Format Version 12.00
# Visual Studio Version 17
VisualStudioVersion = 17.0.32112.339
MinimumVisualStudioVersion = 10.0.40219.1
Project("{FAE04EC0-301F-11D3-BF4B-00C04F79EFBC}") = "ExternalUserCMD", "ExternalUserCMD\ExternalUserCMD.csproj", "{D524ECC1-F3F5-46CA-808D-E69992387F90}"
EndProject
Global
	GlobalSection(SolutionConfigurationPlatforms) = preSolution
		Debug|Any CPU = Debug|Any CPU
		Release|Any CPU = Release|Any CPU
	EndGlobalSection
	GlobalSection(ProjectConfigurationPlatforms) = postSolution
		{D524ECC1-F3F5-46CA-808D-E69992387F90}.Debug|Any CPU.ActiveCfg = Debug|Any CPU
		{D524ECC1-F3F5-46CA-808D-E69992387F90}.Debug|Any CPU.Build.0 = Debug|Any CPU
		{D524ECC1-F3F5-46CA-808D-E69992387F90}.Release|Any CPU.ActiveCfg = Release|Any CPU
		{D524ECC1-F3F5-46CA-808D-E69992387F90}.Release|Any CPU.Build.0 = Release|Any CPU
	EndGlobalSection
	GlobalSection(SolutionProperties) = preSolution
		HideSolutionNode = FALSE
	EndGlobalSection
	GlobalSection(ExtensibilityGlobals) = postSolution
		SolutionGuid = {7ED1A425-5679-47E8-A89F-533F9E5E2F55}
	EndGlobalSection
EndGlobal
